<?xml version="1.0" encoding="utf-8"?>
<Project ToolsVersion="4.0" xmlns="http://schemas.microsoft.com/developer/msbuild/2003">
  <ItemGroup>
    <Filter Include="Source Files">
      <UniqueIdentifier>{4FC737F1-C7A5-4376-A066-2A32D752A2FF}</UniqueIdentifier>
      <Extensions>cpp;c;cc;cxx;def;odl;idl;hpj;bat;asm;asmx</Extensions>
    </Filter>
    <Filter Include="Header Files">
      <UniqueIdentifier>{93995380-89BD-4b04-88EB-625FBE52EBFB}</UniqueIdentifier>
      <Extensions>h;hh;hpp;hxx;hm;inl;inc;xsd</Extensions>
    </Filter>
    <Filter Include="Resource Files">
      <UniqueIdentifier>{67DA6AB6-F800-4c08-8B7A-83BB121AAD01}</UniqueIdentifier>
      <Extensions>rc;ico;cur;bmp;dlg;rc2;rct;bin;rgs;gif;jpg;jpeg;jpe;resx;tiff;tif;png;wav;mfcribbon-ms</Extensions>
    </Filter>
    <Filter Include="asm">
      <UniqueIdentifier>{e51e0bbc-bdd7-4a09-a180-6c66d1bd8e9c}</UniqueIdentifier>
    </Filter>
  </ItemGroup>
  <ItemGroup>
    <ClCompile Include="..\..\common\bitstream.c">
      <Filter>Source Files</Filter>
    </ClCompile>
    <ClCompile Include="..\..\common\cabac.c">
      <Filter>Source Files</Filter>
    </ClCompile>
    <ClCompile Include="..\..\common\common.c">
      <Filter>Source Files</Filter>
    </ClCompile>
    <ClCompile Include="..\..\common\cpu.c">
      <Filter>Source Files</Filter>
    </ClCompile>
    <ClCompile Include="..\..\common\dct.c">
      <Filter>Source Files</Filter>
    </ClCompile>
    <ClCompile Include="..\..\common\deblock.c">
      <Filter>Source Files</Filter>
    </ClCompile>
    <ClCompile Include="..\..\common\frame.c">
      <Filter>Source Files</Filter>
    </ClCompile>
    <ClCompile Include="..\..\common\macroblock.c">
      <Filter>Source Files</Filter>
    </ClCompile>
    <ClCompile Include="..\..\common\mc.c">
      <Filter>Source Files</Filter>
    </ClCompile>
    <ClCompile Include="..\..\common\mvpred.c">
      <Filter>Source Files</Filter>
    </ClCompile>
    <ClCompile Include="..\..\common\opencl.c">
      <Filter>Source Files</Filter>
    </ClCompile>
    <ClCompile Include="..\..\common\osdep.c">
      <Filter>Source Files</Filter>
    </ClCompile>
    <ClCompile Include="..\..\common\pixel.c">
      <Filter>Source Files</Filter>
    </ClCompile>
    <ClCompile Include="..\..\common\predict.c">
      <Filter>Source Files</Filter>
    </ClCompile>
    <ClCompile Include="..\..\common\quant.c">
      <Filter>Source Files</Filter>
    </ClCompile>
    <ClCompile Include="..\..\common\rectangle.c">
      <Filter>Source Files</Filter>
    </ClCompile>
    <ClCompile Include="..\..\common\set.c">
      <Filter>Source Files</Filter>
    </ClCompile>
    <ClCompile Include="..\..\common\threadpool.c">
      <Filter>Source Files</Filter>
    </ClCompile>
    <ClCompile Include="..\..\common\vlc.c">
      <Filter>Source Files</Filter>
    </ClCompile>
    <ClCompile Include="..\..\common\win32thread.c">
      <Filter>Source Files</Filter>
    </ClCompile>
    <ClCompile Include="..\..\common\x86\mc-c.c">
      <Filter>asm</Filter>
    </ClCompile>
    <ClCompile Include="..\..\common\x86\predict-c.c">
      <Filter>asm</Filter>
    </ClCompile>
  </ItemGroup>
  <ItemGroup>
    <ClInclude Include="..\..\common\bitstream.h">
      <Filter>Header Files</Filter>
    </ClInclude>
    <ClInclude Include="..\..\common\cabac.h">
      <Filter>Header Files</Filter>
    </ClInclude>
    <ClInclude Include="..\..\common\common.h">
      <Filter>Header Files</Filter>
    </ClInclude>
    <ClInclude Include="..\..\common\cpu.h">
      <Filter>Header Files</Filter>
    </ClInclude>
    <ClInclude Include="..\..\common\dct.h">
      <Filter>Header Files</Filter>
    </ClInclude>
    <ClInclude Include="..\..\common\frame.h">
      <Filter>Header Files</Filter>
    </ClInclude>
    <ClInclude Include="..\..\common\macroblock.h">
      <Filter>Header Files</Filter>
    </ClInclude>
    <ClInclude Include="..\..\common\mc.h">
      <Filter>Header Files</Filter>
    </ClInclude>
    <ClInclude Include="..\..\common\opencl.h">
      <Filter>Header Files</Filter>
    </ClInclude>
    <ClInclude Include="..\..\common\osdep.h">
      <Filter>Header Files</Filter>
    </ClInclude>
    <ClInclude Include="..\..\common\pixel.h">
      <Filter>Header Files</Filter>
    </ClInclude>
    <ClInclude Include="..\..\common\predict.h">
      <Filter>Header Files</Filter>
    </ClInclude>
    <ClInclude Include="..\..\common\quant.h">
      <Filter>Header Files</Filter>
    </ClInclude>
    <ClInclude Include="..\..\common\rectangle.h">
      <Filter>Header Files</Filter>
    </ClInclude>
    <ClInclude Include="..\..\common\set.h">
      <Filter>Header Files</Filter>
    </ClInclude>
    <ClInclude Include="..\..\common\threadpool.h">
      <Filter>Header Files</Filter>
    </ClInclude>
    <ClInclude Include="..\..\common\win32thread.h">
      <Filter>Header Files</Filter>
    </ClInclude>
    <ClInclude Include="..\..\common\x86\dct.h">
      <Filter>asm</Filter>
    </ClInclude>
    <ClInclude Include="..\..\common\x86\mc.h">
      <Filter>asm</Filter>
    </ClInclude>
    <ClInclude Include="..\..\common\x86\pixel.h">
      <Filter>asm</Filter>
    </ClInclude>
    <ClInclude Include="..\..\common\x86\predict.h">
      <Filter>asm</Filter>
    </ClInclude>
    <ClInclude Include="..\..\common\x86\quant.h">
      <Filter>asm</Filter>
    </ClInclude>
    <ClInclude Include="..\..\common\x86\util.h">
      <Filter>asm</Filter>
    </ClInclude>
  </ItemGroup>
  <ItemGroup>
    <None Include="..\..\common\x86\bitstream-a.asm">
      <Filter>asm</Filter>
    </None>
    <None Include="..\..\common\x86\cabac-a.asm">
      <Filter>asm</Filter>
    </None>
    <None Include="..\..\common\x86\const-a.asm">
      <Filter>asm</Filter>
    </None>
    <None Include="..\..\common\x86\cpu-a.asm">
      <Filter>asm</Filter>
    </None>
    <None Include="..\..\common\x86\dct-32.asm">
      <Filter>asm</Filter>
    </None>
    <None Include="..\..\common\x86\dct-64.asm">
      <Filter>asm</Filter>
    </None>
    <None Include="..\..\common\x86\dct-a.asm">
      <Filter>asm</Filter>
    </None>
    <None Include="..\..\common\x86\deblock-a.asm">
      <Filter>asm</Filter>
    </None>
    <None Include="..\..\common\x86\mc-a.asm">
      <Filter>asm</Filter>
    </None>
    <None Include="..\..\common\x86\mc-a2.asm">
      <Filter>asm</Filter>
    </None>
    <None Include="..\..\common\x86\pixel-32.asm">
      <Filter>asm</Filter>
    </None>
    <None Include="..\..\common\x86\pixel-a.asm">
      <Filter>asm</Filter>
    </None>
    <None Include="..\..\common\x86\predict-a.asm">
      <Filter>asm</Filter>
    </None>
    <None Include="..\..\common\x86\quant-a.asm">
      <Filter>asm</Filter>
    </None>
    <None Include="..\..\common\x86\sad16-a.asm">
      <Filter>asm</Filter>
    </None>
    <None Include="..\..\common\x86\sad-a.asm">
      <Filter>asm</Filter>
    </None>
    <None Include="..\..\common\x86\trellis-64.asm">
      <Filter>asm</Filter>
    </None>
    <None Include="..\..\common\x86\x86inc.asm">
      <Filter>asm</Filter>
    </None>
    <None Include="..\..\common\x86\x86util.asm">
      <Filter>asm</Filter>
    </None>
  </ItemGroup>
</Project>